
Microsoft Visual Studio Solution File, Format Version 12.00
# Visual Studio 14
VisualStudioVersion = 14.0.24720.0
MinimumVisualStudioVersion = 10.0.40219.1
Project("{2150E333-8FDC-42A3-9474-1A3956D46DE8}") = "src", "src", "{9F13D924-AB45-4984-9A27-A769CF705C8F}"
EndProject
Project("{2150E333-8FDC-42A3-9474-1A3956D46DE8}") = "Solution Items", "Solution Items", "{BCCC0595-22FD-4F00-BEF0-281DBDA0AF37}"
	ProjectSection(SolutionItems) = preProject
		global.json = global.json
	EndProjectSection
EndProject
Project("{8BB2217D-0F2D-49D1-97BC-3654ED321F3B}") = "React.MVC6.Sample", "src\React.MVC6.Sample\React.MVC6.Sample.xproj", "{94E7E661-394E-4802-A5C9-144B29CD091A}"
EndProject
Global
	GlobalSection(SolutionConfigurationPlatforms) = preSolution
		Debug|Any CPU = Debug|Any CPU
		Release|Any CPU = Release|Any CPU
	EndGlobalSection
	GlobalSection(ProjectConfigurationPlatforms) = postSolution
		{94E7E661-394E-4802-A5C9-144B29CD091A}.Debug|Any CPU.ActiveCfg = Debug|Any CPU
		{94E7E661-394E-4802-A5C9-144B29CD091A}.Debug|Any CPU.Build.0 = Debug|Any CPU
		{94E7E661-394E-4802-A5C9-144B29CD091A}.Release|Any CPU.ActiveCfg = Release|Any CPU
		{94E7E661-394E-4802-A5C9-144B29CD091A}.Release|Any CPU.Build.0 = Release|Any CPU
	EndGlobalSection
	GlobalSection(SolutionProperties) = preSolution
		HideSolutionNode = FALSE
	EndGlobalSection
	GlobalSection(NestedProjects) = preSolution
		{94E7E661-394E-4802-A5C9-144B29CD091A} = {9F13D924-AB45-4984-9A27-A769CF705C8F}
	EndGlobalSection
EndGlobal
